
Microsoft Visual Studio Solution File, Format Version 12.00
# Visual Studio Version 17
VisualStudioVersion = 17.11.35312.102
MinimumVisualStudioVersion = 10.0.40219.1
Project("{9A19103F-16F7-4668-BE54-9A1E7A4F7556}") = "Basics", "Basics\Basics.csproj", "{3D920E28-ABE5-44B2-983C-FA07278E99A8}"
EndProject
Project("{FAE04EC0-301F-11D3-BF4B-00C04F79EFBC}") = "Multithreading", "Multithreading\Multithreading.csproj", "{2D0BF907-5377-41CF-9E4C-733A0EA23396}"
EndProject
Global
	GlobalSection(SolutionConfigurationPlatforms) = preSolution
		Debug|Any CPU = Debug|Any CPU
		Release|Any CPU = Release|Any CPU
	EndGlobalSection
	GlobalSection(ProjectConfigurationPlatforms) = postSolution
		{3D920E28-ABE5-44B2-983C-FA07278E99A8}.Debug|Any CPU.ActiveCfg = Debug|Any CPU
		{3D920E28-ABE5-44B2-983C-FA07278E99A8}.Debug|Any CPU.Build.0 = Debug|Any CPU
		{3D920E28-ABE5-44B2-983C-FA07278E99A8}.Release|Any CPU.ActiveCfg = Release|Any CPU
		{3D920E28-ABE5-44B2-983C-FA07278E99A8}.Release|Any CPU.Build.0 = Release|Any CPU
		{2D0BF907-5377-41CF-9E4C-733A0EA23396}.Debug|Any CPU.ActiveCfg = Debug|Any CPU
		{2D0BF907-5377-41CF-9E4C-733A0EA23396}.Debug|Any CPU.Build.0 = Debug|Any CPU
		{2D0BF907-5377-41CF-9E4C-733A0EA23396}.Release|Any CPU.ActiveCfg = Release|Any CPU
		{2D0BF907-5377-41CF-9E4C-733A0EA23396}.Release|Any CPU.Build.0 = Release|Any CPU
	EndGlobalSection
	GlobalSection(SolutionProperties) = preSolution
		HideSolutionNode = FALSE
	EndGlobalSection
	GlobalSection(ExtensibilityGlobals) = postSolution
		SolutionGuid = {6F16FD08-B09E-4879-8BF5-3EB52A3C4B4B}
	EndGlobalSection
EndGlobal
